
Microsoft Visual Studio Solution File, Format Version 12.00
# Visual Studio Version 16
VisualStudioVersion = 16.0.31129.286
MinimumVisualStudioVersion = 10.0.40219.1
Project("{2150E333-8FDC-42A3-9474-1A3956D46DE8}") = "01 - Application", "01 - Application", "{80C6713C-1561-4EC7-8B8E-32E97B8248B4}"
EndProject
Project("{2150E333-8FDC-42A3-9474-1A3956D46DE8}") = "02 - Domain", "02 - Domain", "{3AABAD73-6ABF-4862-9562-1566B72109A0}"
EndProject
Project("{2150E333-8FDC-42A3-9474-1A3956D46DE8}") = "03 - CrossCutting", "03 - CrossCutting", "{2DF7D4BA-E963-47C4-917D-503C987D49ED}"
EndProject
Project("{2150E333-8FDC-42A3-9474-1A3956D46DE8}") = "04 - Infra", "04 - Infra", "{99DAD4E6-885C-453A-B6F7-062C66C32AB3}"
EndProject
Project("{9A19103F-16F7-4668-BE54-9A1E7A4F7556}") = "berger.global.email.application", "berger.global.email.application\berger.global.email.application.csproj", "{11BB0FEB-60EA-4F87-9FD6-DE9B2FCB4F0F}"
EndProject
Project("{9A19103F-16F7-4668-BE54-9A1E7A4F7556}") = "berger.global.email.domain", "berger.global.email.domain\berger.global.email.domain.csproj", "{EEFADE51-D855-4EE0-BAC0-D1C987FBE573}"
EndProject
Project("{9A19103F-16F7-4668-BE54-9A1E7A4F7556}") = "berger.global.email.infra.ioc", "berger.global.email.ioc\berger.global.email.infra.ioc.csproj", "{7E386AFF-864B-4926-AA27-70D5162AD8E2}"
EndProject
Project("{9A19103F-16F7-4668-BE54-9A1E7A4F7556}") = "berger.global.email.infra", "berger.global.email.infra\berger.global.email.infra.csproj", "{C91DCBE3-ECD1-4F04-BF71-4FCBCE6C0147}"
EndProject
Global
	GlobalSection(SolutionConfigurationPlatforms) = preSolution
		Debug|Any CPU = Debug|Any CPU
		Release|Any CPU = Release|Any CPU
	EndGlobalSection
	GlobalSection(ProjectConfigurationPlatforms) = postSolution
		{11BB0FEB-60EA-4F87-9FD6-DE9B2FCB4F0F}.Debug|Any CPU.ActiveCfg = Debug|Any CPU
		{11BB0FEB-60EA-4F87-9FD6-DE9B2FCB4F0F}.Debug|Any CPU.Build.0 = Debug|Any CPU
		{11BB0FEB-60EA-4F87-9FD6-DE9B2FCB4F0F}.Release|Any CPU.ActiveCfg = Release|Any CPU
		{11BB0FEB-60EA-4F87-9FD6-DE9B2FCB4F0F}.Release|Any CPU.Build.0 = Release|Any CPU
		{EEFADE51-D855-4EE0-BAC0-D1C987FBE573}.Debug|Any CPU.ActiveCfg = Debug|Any CPU
		{EEFADE51-D855-4EE0-BAC0-D1C987FBE573}.Debug|Any CPU.Build.0 = Debug|Any CPU
		{EEFADE51-D855-4EE0-BAC0-D1C987FBE573}.Release|Any CPU.ActiveCfg = Release|Any CPU
		{EEFADE51-D855-4EE0-BAC0-D1C987FBE573}.Release|Any CPU.Build.0 = Release|Any CPU
		{7E386AFF-864B-4926-AA27-70D5162AD8E2}.Debug|Any CPU.ActiveCfg = Debug|Any CPU
		{7E386AFF-864B-4926-AA27-70D5162AD8E2}.Debug|Any CPU.Build.0 = Debug|Any CPU
		{7E386AFF-864B-4926-AA27-70D5162AD8E2}.Release|Any CPU.ActiveCfg = Release|Any CPU
		{7E386AFF-864B-4926-AA27-70D5162AD8E2}.Release|Any CPU.Build.0 = Release|Any CPU
		{C91DCBE3-ECD1-4F04-BF71-4FCBCE6C0147}.Debug|Any CPU.ActiveCfg = Debug|Any CPU
		{C91DCBE3-ECD1-4F04-BF71-4FCBCE6C0147}.Debug|Any CPU.Build.0 = Debug|Any CPU
		{C91DCBE3-ECD1-4F04-BF71-4FCBCE6C0147}.Release|Any CPU.ActiveCfg = Release|Any CPU
		{C91DCBE3-ECD1-4F04-BF71-4FCBCE6C0147}.Release|Any CPU.Build.0 = Release|Any CPU
	EndGlobalSection
	GlobalSection(SolutionProperties) = preSolution
		HideSolutionNode = FALSE
	EndGlobalSection
	GlobalSection(NestedProjects) = preSolution
		{11BB0FEB-60EA-4F87-9FD6-DE9B2FCB4F0F} = {80C6713C-1561-4EC7-8B8E-32E97B8248B4}
		{EEFADE51-D855-4EE0-BAC0-D1C987FBE573} = {3AABAD73-6ABF-4862-9562-1566B72109A0}
		{7E386AFF-864B-4926-AA27-70D5162AD8E2} = {2DF7D4BA-E963-47C4-917D-503C987D49ED}
		{C91DCBE3-ECD1-4F04-BF71-4FCBCE6C0147} = {99DAD4E6-885C-453A-B6F7-062C66C32AB3}
	EndGlobalSection
	GlobalSection(ExtensibilityGlobals) = postSolution
		SolutionGuid = {0A3DB37B-729A-4C48-948A-CA208B0119FE}
	EndGlobalSection
EndGlobal
