
Microsoft Visual Studio Solution File, Format Version 12.00
# Visual Studio Version 16
VisualStudioVersion = 16.0.31129.286
MinimumVisualStudioVersion = 10.0.40219.1
Project("{9A19103F-16F7-4668-BE54-9A1E7A4F7556}") = "Berger.Global.Email", "Berger.Global.Email\Berger.Global.Email.csproj", "{98C9FFB6-8CFE-4A87-93C3-257013AE9035}"
EndProject
Project("{9A19103F-16F7-4668-BE54-9A1E7A4F7556}") = "Berger.Global.Email.Tests", "Berger.Global.Email.Tests\Berger.Global.Email.Tests.csproj", "{5053757D-51CE-462F-BBD7-5A8D32E8C3B4}"
EndProject
Global
	GlobalSection(SolutionConfigurationPlatforms) = preSolution
		Debug|Any CPU = Debug|Any CPU
		Release|Any CPU = Release|Any CPU
	EndGlobalSection
	GlobalSection(ProjectConfigurationPlatforms) = postSolution
		{98C9FFB6-8CFE-4A87-93C3-257013AE9035}.Debug|Any CPU.ActiveCfg = Debug|Any CPU
		{98C9FFB6-8CFE-4A87-93C3-257013AE9035}.Debug|Any CPU.Build.0 = Debug|Any CPU
		{98C9FFB6-8CFE-4A87-93C3-257013AE9035}.Release|Any CPU.ActiveCfg = Release|Any CPU
		{98C9FFB6-8CFE-4A87-93C3-257013AE9035}.Release|Any CPU.Build.0 = Release|Any CPU
		{5053757D-51CE-462F-BBD7-5A8D32E8C3B4}.Debug|Any CPU.ActiveCfg = Debug|Any CPU
		{5053757D-51CE-462F-BBD7-5A8D32E8C3B4}.Debug|Any CPU.Build.0 = Debug|Any CPU
		{5053757D-51CE-462F-BBD7-5A8D32E8C3B4}.Release|Any CPU.ActiveCfg = Release|Any CPU
		{5053757D-51CE-462F-BBD7-5A8D32E8C3B4}.Release|Any CPU.Build.0 = Release|Any CPU
	EndGlobalSection
	GlobalSection(SolutionProperties) = preSolution
		HideSolutionNode = FALSE
	EndGlobalSection
	GlobalSection(ExtensibilityGlobals) = postSolution
		SolutionGuid = {0A3DB37B-729A-4C48-948A-CA208B0119FE}
	EndGlobalSection
EndGlobal
